# This file is autogenerated, do not edit; changes may be undone by the next 'dep ensure'.


[[projects]]
  branch = "master"
  name = "github.com/dotchev/go-plugin"
  packages = ["."]
  revision = "359fc7e5dddffbd0d4d8601dfc09186492fee2b8"

[solve-meta]
  analyzer-name = "dep"
  analyzer-version = 1
  inputs-digest = "24f6f86dae1d34edf409c2034de547f53b0c98fe7106749f45707c021fee3da8"
  solver-name = "gps-cdcl"
  solver-version = 1
